// !$*UTF8*$!
{
	archiveVersion = 1;
	classes = {
	};
	objectVersion = 50;
	objects = {

/* Begin PBXBuildFile section */
		66C1C73623DFAA940055C8CC /* AppDelegate.swift in Sources */ = {isa = PBXBuildFile; fileRef = 66C1C73523DFAA940055C8CC /* AppDelegate.swift */; };
		66C1C73823DFAA940055C8CC /* SceneDelegate.swift in Sources */ = {isa = PBXBuildFile; fileRef = 66C1C73723DFAA940055C8CC /* SceneDelegate.swift */; };
		66C1C73D23DFAA940055C8CC /* Main.storyboard in Resources */ = {isa = PBXBuildFile; fileRef = 66C1C73B23DFAA940055C8CC /* Main.storyboard */; };
		66C1C74023DFAA940055C8CC /* TableViewExample.xcdatamodeld in Sources */ = {isa = PBXBuildFile; fileRef = 66C1C73E23DFAA940055C8CC /* TableViewExample.xcdatamodeld */; };
		66C1C74223DFAA950055C8CC /* Assets.xcassets in Resources */ = {isa = PBXBuildFile; fileRef = 66C1C74123DFAA950055C8CC /* Assets.xcassets */; };
		66C1C74523DFAA950055C8CC /* LaunchScreen.storyboard in Resources */ = {isa = PBXBuildFile; fileRef = 66C1C74323DFAA950055C8CC /* LaunchScreen.storyboard */; };
		66C1C75023DFAA950055C8CC /* TableViewExampleTests.swift in Sources */ = {isa = PBXBuildFile; fileRef = 66C1C74F23DFAA950055C8CC /* TableViewExampleTests.swift */; };
		66C1C75B23DFAA950055C8CC /* TableViewExampleUITests.swift in Sources */ = {isa = PBXBuildFile; fileRef = 66C1C75A23DFAA950055C8CC /* TableViewExampleUITests.swift */; };
		66C1C76923DFAB0F0055C8CC /* TableViewController.swift in Sources */ = {isa = PBXBuildFile; fileRef = 66C1C76823DFAB0F0055C8CC /* TableViewController.swift */; };
/* End PBXBuildFile section */

/* Begin PBXContainerItemProxy section */
		66C1C74C23DFAA950055C8CC /* PBXContainerItemProxy */ = {
			isa = PBXContainerItemProxy;
			containerPortal = 66C1C72A23DFAA930055C8CC /* Project object */;
			proxyType = 1;
			remoteGlobalIDString = 66C1C73123DFAA940055C8CC;
			remoteInfo = TableViewExample;
		};
		66C1C75723DFAA950055C8CC /* PBXContainerItemProxy */ = {
			isa = PBXContainerItemProxy;
			containerPortal = 66C1C72A23DFAA930055C8CC /* Project object */;
			proxyType = 1;
			remoteGlobalIDString = 66C1C73123DFAA940055C8CC;
			remoteInfo = TableViewExample;
		};
/* End PBXContainerItemProxy section */

/* Begin PBXFileReference section */
		66C1C73223DFAA940055C8CC /* TableViewExample.app */ = {isa = PBXFileReference; explicitFileType = wrapper.application; includeInIndex = 0; path = TableViewExample.app; sourceTree = BUILT_PRODUCTS_DIR; };
		66C1C73523DFAA940055C8CC /* AppDelegate.swift */ = {isa = PBXFileReference; lastKnownFileType = sourcecode.swift; path = AppDelegate.swift; sourceTree = "<group>"; };
		66C1C73723DFAA940055C8CC /* SceneDelegate.swift */ = {isa = PBXFileReference; lastKnownFileType = sourcecode.swift; path = SceneDelegate.swift; sourceTree = "<group>"; };
		66C1C73C23DFAA940055C8CC /* Base */ = {isa = PBXFileReference; lastKnownFileType = file.storyboard; name = Base; path = Base.lproj/Main.storyboard; sourceTree = "<group>"; };
		66C1C73F23DFAA940055C8CC /* TableViewExample.xcdatamodel */ = {isa = PBXFileReference; lastKnownFileType = wrapper.xcdatamodel; path = TableViewExample.xcdatamodel; sourceTree = "<group>"; };
		66C1C74123DFAA950055C8CC /* Assets.xcassets */ = {isa = PBXFileReference; lastKnownFileType = folder.assetcatalog; path = Assets.xcassets; sourceTree = "<group>"; };
		66C1C74423DFAA950055C8CC /* Base */ = {isa = PBXFileReference; lastKnownFileType = file.storyboard; name = Base; path = Base.lproj/LaunchScreen.storyboard; sourceTree = "<group>"; };
		66C1C74623DFAA950055C8CC /* Info.plist */ = {isa = PBXFileReference; lastKnownFileType = text.plist.xml; path = Info.plist; sourceTree = "<group>"; };
		66C1C74B23DFAA950055C8CC /* TableViewExampleTests.xctest */ = {isa = PBXFileReference; explicitFileType = wrapper.cfbundle; includeInIndex = 0; path = TableViewExampleTests.xctest; sourceTree = BUILT_PRODUCTS_DIR; };
		66C1C74F23DFAA950055C8CC /* TableViewExampleTests.swift */ = {isa = PBXFileReference; lastKnownFileType = sourcecode.swift; path = TableViewExampleTests.swift; sourceTree = "<group>"; };
		66C1C75123DFAA950055C8CC /* Info.plist */ = {isa = PBXFileReference; lastKnownFileType = text.plist.xml; path = Info.plist; sourceTree = "<group>"; };
		66C1C75623DFAA950055C8CC /* TableViewExampleUITests.xctest */ = {isa = PBXFileReference; explicitFileType = wrapper.cfbundle; includeInIndex = 0; path = TableViewExampleUITests.xctest; sourceTree = BUILT_PRODUCTS_DIR; };
		66C1C75A23DFAA950055C8CC /* TableViewExampleUITests.swift */ = {isa = PBXFileReference; lastKnownFileType = sourcecode.swift; path = TableViewExampleUITests.swift; sourceTree = "<group>"; };
		66C1C75C23DFAA950055C8CC /* Info.plist */ = {isa = PBXFileReference; lastKnownFileType = text.plist.xml; path = Info.plist; sourceTree = "<group>"; };
		66C1C76823DFAB0F0055C8CC /* TableViewController.swift */ = {isa = PBXFileReference; lastKnownFileType = sourcecode.swift; path = TableViewController.swift; sourceTree = "<group>"; };
/* End PBXFileReference section */

/* Begin PBXFrameworksBuildPhase section */
		66C1C72F23DFAA940055C8CC /* Frameworks */ = {
			isa = PBXFrameworksBuildPhase;
			buildActionMask = 2147483647;
			files = (
			);
			runOnlyForDeploymentPostprocessing = 0;
		};
		66C1C74823DFAA950055C8CC /* Frameworks */ = {
			isa = PBXFrameworksBuildPhase;
			buildActionMask = 2147483647;
			files = (
			);
			runOnlyForDeploymentPostprocessing = 0;
		};
		66C1C75323DFAA950055C8CC /* Frameworks */ = {
			isa = PBXFrameworksBuildPhase;
			buildActionMask = 2147483647;
			files = (
			);
			runOnlyForDeploymentPostprocessing = 0;
		};
/* End PBXFrameworksBuildPhase section */

/* Begin PBXGroup section */
		66C1C72923DFAA930055C8CC = {
			isa = PBXGroup;
			children = (
				66C1C73423DFAA940055C8CC /* TableViewExample */,
				66C1C74E23DFAA950055C8CC /* TableViewExampleTests */,
				66C1C75923DFAA950055C8CC /* TableViewExampleUITests */,
				66C1C73323DFAA940055C8CC /* Products */,
			);
			sourceTree = "<group>";
		};
		66C1C73323DFAA940055C8CC /* Products */ = {
			isa = PBXGroup;
			children = (
				66C1C73223DFAA940055C8CC /* TableViewExample.app */,
				66C1C74B23DFAA950055C8CC /* TableViewExampleTests.xctest */,
				66C1C75623DFAA950055C8CC /* TableViewExampleUITests.xctest */,
			);
			name = Products;
			sourceTree = "<group>";
		};
		66C1C73423DFAA940055C8CC /* TableViewExample */ = {
			isa = PBXGroup;
			children = (
				66C1C73523DFAA940055C8CC /* AppDelegate.swift */,
				66C1C73723DFAA940055C8CC /* SceneDelegate.swift */,
				66C1C73B23DFAA940055C8CC /* Main.storyboard */,
				66C1C74123DFAA950055C8CC /* Assets.xcassets */,
				66C1C74323DFAA950055C8CC /* LaunchScreen.storyboard */,
				66C1C74623DFAA950055C8CC /* Info.plist */,
				66C1C73E23DFAA940055C8CC /* TableViewExample.xcdatamodeld */,
				66C1C76823DFAB0F0055C8CC /* TableViewController.swift */,
			);
			path = TableViewExample;
			sourceTree = "<group>";
		};
		66C1C74E23DFAA950055C8CC /* TableViewExampleTests */ = {
			isa = PBXGroup;
			children = (
				66C1C74F23DFAA950055C8CC /* TableViewExampleTests.swift */,
				66C1C75123DFAA950055C8CC /* Info.plist */,
			);
			path = TableViewExampleTests;
			sourceTree = "<group>";
		};
		66C1C75923DFAA950055C8CC /* TableViewExampleUITests */ = {
			isa = PBXGroup;
			children = (
				66C1C75A23DFAA950055C8CC /* TableViewExampleUITests.swift */,
				66C1C75C23DFAA950055C8CC /* Info.plist */,
			);
			path = TableViewExampleUITests;
			sourceTree = "<group>";
		};
/* End PBXGroup section */

/* Begin PBXNativeTarget section */
		66C1C73123DFAA940055C8CC /* TableViewExample */ = {
			isa = PBXNativeTarget;
			buildConfigurationList = 66C1C75F23DFAA950055C8CC /* Build configuration list for PBXNativeTarget "TableViewExample" */;
			buildPhases = (
				66C1C72E23DFAA940055C8CC /* Sources */,
				66C1C72F23DFAA940055C8CC /* Frameworks */,
				66C1C73023DFAA940055C8CC /* Resources */,
			);
			buildRules = (
			);
			dependencies = (
			);
			name = TableViewExample;
			productName = TableViewExample;
			productReference = 66C1C73223DFAA940055C8CC /* TableViewExample.app */;
			productType = "com.apple.product-type.application";
		};
		66C1C74A23DFAA950055C8CC /* TableViewExampleTests */ = {
			isa = PBXNativeTarget;
			buildConfigurationList = 66C1C76223DFAA950055C8CC /* Build configuration list for PBXNativeTarget "TableViewExampleTests" */;
			buildPhases = (
				66C1C74723DFAA950055C8CC /* Sources */,
				66C1C74823DFAA950055C8CC /* Frameworks */,
				66C1C74923DFAA950055C8CC /* Resources */,
			);
			buildRules = (
			);
			dependencies = (
				66C1C74D23DFAA950055C8CC /* PBXTargetDependency */,
			);
			name = TableViewExampleTests;
			productName = TableViewExampleTests;
			productReference = 66C1C74B23DFAA950055C8CC /* TableViewExampleTests.xctest */;
			productType = "com.apple.product-type.bundle.unit-test";
		};
		66C1C75523DFAA950055C8CC /* TableViewExampleUITests */ = {
			isa = PBXNativeTarget;
			buildConfigurationList = 66C1C76523DFAA950055C8CC /* Build configuration list for PBXNativeTarget "TableViewExampleUITests" */;
			buildPhases = (
				66C1C75223DFAA950055C8CC /* Sources */,
				66C1C75323DFAA950055C8CC /* Frameworks */,
				66C1C75423DFAA950055C8CC /* Resources */,
			);
			buildRules = (
			);
			dependencies = (
				66C1C75823DFAA950055C8CC /* PBXTargetDependency */,
			);
			name = TableViewExampleUITests;
			productName = TableViewExampleUITests;
			productReference = 66C1C75623DFAA950055C8CC /* TableViewExampleUITests.xctest */;
			productType = "com.apple.product-type.bundle.ui-testing";
		};
/* End PBXNativeTarget section */

/* Begin PBXProject section */
		66C1C72A23DFAA930055C8CC /* Project object */ = {
			isa = PBXProject;
			attributes = {
				LastSwiftUpdateCheck = 1130;
				LastUpgradeCheck = 1130;
				ORGANIZATIONNAME = "Yeskali Abzal";
				TargetAttributes = {
					66C1C73123DFAA940055C8CC = {
						CreatedOnToolsVersion = 11.3;
					};
					66C1C74A23DFAA950055C8CC = {
						CreatedOnToolsVersion = 11.3;
						TestTargetID = 66C1C73123DFAA940055C8CC;
					};
					66C1C75523DFAA950055C8CC = {
						CreatedOnToolsVersion = 11.3;
						TestTargetID = 66C1C73123DFAA940055C8CC;
					};
				};
			};
			buildConfigurationList = 66C1C72D23DFAA930055C8CC /* Build configuration list for PBXProject "TableViewExample" */;
			compatibilityVersion = "Xcode 9.3";
			developmentRegion = en;
			hasScannedForEncodings = 0;
			knownRegions = (
				en,
				Base,
			);
			mainGroup = 66C1C72923DFAA930055C8CC;
			productRefGroup = 66C1C73323DFAA940055C8CC /* Products */;
			projectDirPath = "";
			projectRoot = "";
			targets = (
				66C1C73123DFAA940055C8CC /* TableViewExample */,
				66C1C74A23DFAA950055C8CC /* TableViewExampleTests */,
				66C1C75523DFAA950055C8CC /* TableViewExampleUITests */,
			);
		};
/* End PBXProject section */

/* Begin PBXResourcesBuildPhase section */
		66C1C73023DFAA940055C8CC /* Resources */ = {
			isa = PBXResourcesBuildPhase;
			buildActionMask = 2147483647;
			files = (
				66C1C74523DFAA950055C8CC /* LaunchScreen.storyboard in Resources */,
				66C1C74223DFAA950055C8CC /* Assets.xcassets in Resources */,
				66C1C73D23DFAA940055C8CC /* Main.storyboard in Resources */,
			);
			runOnlyForDeploymentPostprocessing = 0;
		};
		66C1C74923DFAA950055C8CC /* Resources */ = {
			isa = PBXResourcesBuildPhase;
			buildActionMask = 2147483647;
			files = (
			);
			runOnlyForDeploymentPostprocessing = 0;
		};
		66C1C75423DFAA950055C8CC /* Resources */ = {
			isa = PBXResourcesBuildPhase;
			buildActionMask = 2147483647;
			files = (
			);
			runOnlyForDeploymentPostprocessing = 0;
		};
/* End PBXResourcesBuildPhase section */

/* Begin PBXSourcesBuildPhase section */
		66C1C72E23DFAA940055C8CC /* Sources */ = {
			isa = PBXSourcesBuildPhase;
			buildActionMask = 2147483647;
			files = (
				66C1C74023DFAA940055C8CC /* TableViewExample.xcdatamodeld in Sources */,
				66C1C73623DFAA940055C8CC /* AppDelegate.swift in Sources */,
				66C1C73823DFAA940055C8CC /* SceneDelegate.swift in Sources */,
				66C1C76923DFAB0F0055C8CC /* TableViewController.swift in Sources */,
			);
			runOnlyForDeploymentPostprocessing = 0;
		};
		66C1C74723DFAA950055C8CC /* Sources */ = {
			isa = PBXSourcesBuildPhase;
			buildActionMask = 2147483647;
			files = (
				66C1C75023DFAA950055C8CC /* TableViewExampleTests.swift in Sources */,
			);
			runOnlyForDeploymentPostprocessing = 0;
		};
		66C1C75223DFAA950055C8CC /* Sources */ = {
			isa = PBXSourcesBuildPhase;
			buildActionMask = 2147483647;
			files = (
				66C1C75B23DFAA950055C8CC /* TableViewExampleUITests.swift in Sources */,
			);
			runOnlyForDeploymentPostprocessing = 0;
		};
/* End PBXSourcesBuildPhase section */

/* Begin PBXTargetDependency section */
		66C1C74D23DFAA950055C8CC /* PBXTargetDependency */ = {
			isa = PBXTargetDependency;
			target = 66C1C73123DFAA940055C8CC /* TableViewExample */;
			targetProxy = 66C1C74C23DFAA950055C8CC /* PBXContainerItemProxy */;
		};
		66C1C75823DFAA950055C8CC /* PBXTargetDependency */ = {
			isa = PBXTargetDependency;
			target = 66C1C73123DFAA940055C8CC /* TableViewExample */;
			targetProxy = 66C1C75723DFAA950055C8CC /* PBXContainerItemProxy */;
		};
/* End PBXTargetDependency section */

/* Begin PBXVariantGroup section */
		66C1C73B23DFAA940055C8CC /* Main.storyboard */ = {
			isa = PBXVariantGroup;
			children = (
				66C1C73C23DFAA940055C8CC /* Base */,
			);
			name = Main.storyboard;
			sourceTree = "<group>";
		};
		66C1C74323DFAA950055C8CC /* LaunchScreen.storyboard */ = {
			isa = PBXVariantGroup;
			children = (
				66C1C74423DFAA950055C8CC /* Base */,
			);
			name = LaunchScreen.storyboard;
			sourceTree = "<group>";
		};
/* End PBXVariantGroup section */

/* Begin XCBuildConfiguration section */
		66C1C75D23DFAA950055C8CC /* Debug */ = {
			isa = XCBuildConfiguration;
			buildSettings = {
				ALWAYS_SEARCH_USER_PATHS = NO;
				CLANG_ANALYZER_NONNULL = YES;
				CLANG_ANALYZER_NUMBER_OBJECT_CONVERSION = YES_AGGRESSIVE;
				CLANG_CXX_LANGUAGE_STANDARD = "gnu++14";
				CLANG_CXX_LIBRARY = "libc++";
				CLANG_ENABLE_MODULES = YES;
				CLANG_ENABLE_OBJC_ARC = YES;
				CLANG_ENABLE_OBJC_WEAK = YES;
				CLANG_WARN_BLOCK_CAPTURE_AUTORELEASING = YES;
				CLANG_WARN_BOOL_CONVERSION = YES;
				CLANG_WARN_COMMA = YES;
				CLANG_WARN_CONSTANT_CONVERSION = YES;
				CLANG_WARN_DEPRECATED_OBJC_IMPLEMENTATIONS = YES;
				CLANG_WARN_DIRECT_OBJC_ISA_USAGE = YES_ERROR;
				CLANG_WARN_DOCUMENTATION_COMMENTS = YES;
				CLANG_WARN_EMPTY_BODY = YES;
				CLANG_WARN_ENUM_CONVERSION = YES;
				CLANG_WARN_INFINITE_RECURSION = YES;
				CLANG_WARN_INT_CONVERSION = YES;
				CLANG_WARN_NON_LITERAL_NULL_CONVERSION = YES;
				CLANG_WARN_OBJC_IMPLICIT_RETAIN_SELF = YES;
				CLANG_WARN_OBJC_LITERAL_CONVERSION = YES;
				CLANG_WARN_OBJC_ROOT_CLASS = YES_ERROR;
				CLANG_WARN_RANGE_LOOP_ANALYSIS = YES;
				CLANG_WARN_STRICT_PROTOTYPES = YES;
				CLANG_WARN_SUSPICIOUS_MOVE = YES;
				CLANG_WARN_UNGUARDED_AVAILABILITY = YES_AGGRESSIVE;
				CLANG_WARN_UNREACHABLE_CODE = YES;
				CLANG_WARN__DUPLICATE_METHOD_MATCH = YES;
				COPY_PHASE_STRIP = NO;
				DEBUG_INFORMATION_FORMAT = dwarf;
				ENABLE_STRICT_OBJC_MSGSEND = YES;
				ENABLE_TESTABILITY = YES;
				GCC_C_LANGUAGE_STANDARD = gnu11;
				GCC_DYNAMIC_NO_PIC = NO;
				GCC_NO_COMMON_BLOCKS = YES;
				GCC_OPTIMIZATION_LEVEL = 0;
				GCC_PREPROCESSOR_DEFINITIONS = (
					"DEBUG=1",
					"$(inherited)",
				);
				GCC_WARN_64_TO_32_BIT_CONVERSION = YES;
				GCC_WARN_ABOUT_RETURN_TYPE = YES_ERROR;
				GCC_WARN_UNDECLARED_SELECTOR = YES;
				GCC_WARN_UNINITIALIZED_AUTOS = YES_AGGRESSIVE;
				GCC_WARN_UNUSED_FUNCTION = YES;
				GCC_WARN_UNUSED_VARIABLE = YES;
				IPHONEOS_DEPLOYMENT_TARGET = 13.2;
				MTL_ENABLE_DEBUG_INFO = INCLUDE_SOURCE;
				MTL_FAST_MATH = YES;
				ONLY_ACTIVE_ARCH = YES;
				SDKROOT = iphoneos;
				SWIFT_ACTIVE_COMPILATION_CONDITIONS = DEBUG;
				SWIFT_OPTIMIZATION_LEVEL = "-Onone";
			};
			name = Debug;
		};
		66C1C75E23DFAA950055C8CC /* Release */ = {
			isa = XCBuildConfiguration;
			buildSettings = {
				ALWAYS_SEARCH_USER_PATHS = NO;
				CLANG_ANALYZER_NONNULL = YES;
				CLANG_ANALYZER_NUMBER_OBJECT_CONVERSION = YES_AGGRESSIVE;
				CLANG_CXX_LANGUAGE_STANDARD = "gnu++14";
				CLANG_CXX_LIBRARY = "libc++";
				CLANG_ENABLE_MODULES = YES;
				CLANG_ENABLE_OBJC_ARC = YES;
				CLANG_ENABLE_OBJC_WEAK = YES;
				CLANG_WARN_BLOCK_CAPTURE_AUTORELEASING = YES;
				CLANG_WARN_BOOL_CONVERSION = YES;
				CLANG_WARN_COMMA = YES;
				CLANG_WARN_CONSTANT_CONVERSION = YES;
				CLANG_WARN_DEPRECATED_OBJC_IMPLEMENTATIONS = YES;
				CLANG_WARN_DIRECT_OBJC_ISA_USAGE = YES_ERROR;
				CLANG_WARN_DOCUMENTATION_COMMENTS = YES;
				CLANG_WARN_EMPTY_BODY = YES;
				CLANG_WARN_ENUM_CONVERSION = YES;
				CLANG_WARN_INFINITE_RECURSION = YES;
				CLANG_WARN_INT_CONVERSION = YES;
				CLANG_WARN_NON_LITERAL_NULL_CONVERSION = YES;
				CLANG_WARN_OBJC_IMPLICIT_RETAIN_SELF = YES;
				CLANG_WARN_OBJC_LITERAL_CONVERSION = YES;
				CLANG_WARN_OBJC_ROOT_CLASS = YES_ERROR;
				CLANG_WARN_RANGE_LOOP_ANALYSIS = YES;
				CLANG_WARN_STRICT_PROTOTYPES = YES;
				CLANG_WARN_SUSPICIOUS_MOVE = YES;
				CLANG_WARN_UNGUARDED_AVAILABILITY = YES_AGGRESSIVE;
				CLANG_WARN_UNREACHABLE_CODE = YES;
				CLANG_WARN__DUPLICATE_METHOD_MATCH = YES;
				COPY_PHASE_STRIP = NO;
				DEBUG_INFORMATION_FORMAT = "dwarf-with-dsym";
				ENABLE_NS_ASSERTIONS = NO;
				ENABLE_STRICT_OBJC_MSGSEND = YES;
				GCC_C_LANGUAGE_STANDARD = gnu11;
				GCC_NO_COMMON_BLOCKS = YES;
				GCC_WARN_64_TO_32_BIT_CONVERSION = YES;
				GCC_WARN_ABOUT_RETURN_TYPE = YES_ERROR;
				GCC_WARN_UNDECLARED_SELECTOR = YES;
				GCC_WARN_UNINITIALIZED_AUTOS = YES_AGGRESSIVE;
				GCC_WARN_UNUSED_FUNCTION = YES;
				GCC_WARN_UNUSED_VARIABLE = YES;
				IPHONEOS_DEPLOYMENT_TARGET = 13.2;
				MTL_ENABLE_DEBUG_INFO = NO;
				MTL_FAST_MATH = YES;
				SDKROOT = iphoneos;
				SWIFT_COMPILATION_MODE = wholemodule;
				SWIFT_OPTIMIZATION_LEVEL = "-O";
				VALIDATE_PRODUCT = YES;
			};
			name = Release;
		};
		66C1C76023DFAA950055C8CC /* Debug */ = {
			isa = XCBuildConfiguration;
			buildSettings = {
				ASSETCATALOG_COMPILER_APPICON_NAME = AppIcon;
				CODE_SIGN_STYLE = Automatic;
				INFOPLIST_FILE = TableViewExample/Info.plist;
				LD_RUNPATH_SEARCH_PATHS = (
					"$(inherited)",
					"@executable_path/Frameworks",
				);
				PRODUCT_BUNDLE_IDENTIFIER = floki.TableViewExample;
				PRODUCT_NAME = "$(TARGET_NAME)";
				SWIFT_VERSION = 5.0;
				TARGETED_DEVICE_FAMILY = "1,2";
			};
			name = Debug;
		};
		66C1C76123DFAA950055C8CC /* Release */ = {
			isa = XCBuildConfiguration;
			buildSettings = {
				ASSETCATALOG_COMPILER_APPICON_NAME = AppIcon;
				CODE_SIGN_STYLE = Automatic;
				INFOPLIST_FILE = TableViewExample/Info.plist;
				LD_RUNPATH_SEARCH_PATHS = (
					"$(inherited)",
					"@executable_path/Frameworks",
				);
				PRODUCT_BUNDLE_IDENTIFIER = floki.TableViewExample;
				PRODUCT_NAME = "$(TARGET_NAME)";
				SWIFT_VERSION = 5.0;
				TARGETED_DEVICE_FAMILY = "1,2";
			};
			name = Release;
		};
		66C1C76323DFAA950055C8CC /* Debug */ = {
			isa = XCBuildConfiguration;
			buildSettings = {
				ALWAYS_EMBED_SWIFT_STANDARD_LIBRARIES = YES;
				BUNDLE_LOADER = "$(TEST_HOST)";
				CODE_SIGN_STYLE = Automatic;
				INFOPLIST_FILE = TableViewExampleTests/Info.plist;
				IPHONEOS_DEPLOYMENT_TARGET = 13.2;
				LD_RUNPATH_SEARCH_PATHS = (
					"$(inherited)",
					"@executable_path/Frameworks",
					"@loader_path/Frameworks",
				);
				PRODUCT_BUNDLE_IDENTIFIER = floki.TableViewExampleTests;
				PRODUCT_NAME = "$(TARGET_NAME)";
				SWIFT_VERSION = 5.0;
				TARGETED_DEVICE_FAMILY = "1,2";
				TEST_HOST = "$(BUILT_PRODUCTS_DIR)/TableViewExample.app/TableViewExample";
			};
			name = Debug;
		};
		66C1C76423DFAA950055C8CC /* Release */ = {
			isa = XCBuildConfiguration;
			buildSettings = {
				ALWAYS_EMBED_SWIFT_STANDARD_LIBRARIES = YES;
				BUNDLE_LOADER = "$(TEST_HOST)";
				CODE_SIGN_STYLE = Automatic;
				INFOPLIST_FILE = TableViewExampleTests/Info.plist;
				IPHONEOS_DEPLOYMENT_TARGET = 13.2;
				LD_RUNPATH_SEARCH_PATHS = (
					"$(inherited)",
					"@executable_path/Frameworks",
					"@loader_path/Frameworks",
				);
				PRODUCT_BUNDLE_IDENTIFIER = floki.TableViewExampleTests;
				PRODUCT_NAME = "$(TARGET_NAME)";
				SWIFT_VERSION = 5.0;
				TARGETED_DEVICE_FAMILY = "1,2";
				TEST_HOST = "$(BUILT_PRODUCTS_DIR)/TableViewExample.app/TableViewExample";
			};
			name = Release;
		};
		66C1C76623DFAA950055C8CC /* Debug */ = {
			isa = XCBuildConfiguration;
			buildSettings = {
				ALWAYS_EMBED_SWIFT_STANDARD_LIBRARIES = YES;
				CODE_SIGN_STYLE = Automatic;
				INFOPLIST_FILE = TableViewExampleUITests/Info.plist;
				LD_RUNPATH_SEARCH_PATHS = (
					"$(inherited)",
					"@executable_path/Frameworks",
					"@loader_path/Frameworks",
				);
				PRODUCT_BUNDLE_IDENTIFIER = floki.TableViewExampleUITests;
				PRODUCT_NAME = "$(TARGET_NAME)";
				SWIFT_VERSION = 5.0;
				TARGETED_DEVICE_FAMILY = "1,2";
				TEST_TARGET_NAME = TableViewExample;
			};
			name = Debug;
		};
		66C1C76723DFAA950055C8CC /* Release */ = {
			isa = XCBuildConfiguration;
			buildSettings = {
				ALWAYS_EMBED_SWIFT_STANDARD_LIBRARIES = YES;
				CODE_SIGN_STYLE = Automatic;
				INFOPLIST_FILE = TableViewExampleUITests/Info.plist;
				LD_RUNPATH_SEARCH_PATHS = (
					"$(inherited)",
					"@executable_path/Frameworks",
					"@loader_path/Frameworks",
				);
				PRODUCT_BUNDLE_IDENTIFIER = floki.TableViewExampleUITests;
				PRODUCT_NAME = "$(TARGET_NAME)";
				SWIFT_VERSION = 5.0;
				TARGETED_DEVICE_FAMILY = "1,2";
				TEST_TARGET_NAME = TableViewExample;
			};
			name = Release;
		};
/* End XCBuildConfiguration section */

/* Begin XCConfigurationList section */
		66C1C72D23DFAA930055C8CC /* Build configuration list for PBXProject "TableViewExample" */ = {
			isa = XCConfigurationList;
			buildConfigurations = (
				66C1C75D23DFAA950055C8CC /* Debug */,
				66C1C75E23DFAA950055C8CC /* Release */,
			);
			defaultConfigurationIsVisible = 0;
			defaultConfigurationName = Release;
		};
		66C1C75F23DFAA950055C8CC /* Build configuration list for PBXNativeTarget "TableViewExample" */ = {
			isa = XCConfigurationList;
			buildConfigurations = (
				66C1C76023DFAA950055C8CC /* Debug */,
				66C1C76123DFAA950055C8CC /* Release */,
			);
			defaultConfigurationIsVisible = 0;
			defaultConfigurationName = Release;
		};
		66C1C76223DFAA950055C8CC /* Build configuration list for PBXNativeTarget "TableViewExampleTests" */ = {
			isa = XCConfigurationList;
			buildConfigurations = (
				66C1C76323DFAA950055C8CC /* Debug */,
				66C1C76423DFAA950055C8CC /* Release */,
			);
			defaultConfigurationIsVisible = 0;
			defaultConfigurationName = Release;
		};
		66C1C76523DFAA950055C8CC /* Build configuration list for PBXNativeTarget "TableViewExampleUITests" */ = {
			isa = XCConfigurationList;
			buildConfigurations = (
				66C1C76623DFAA950055C8CC /* Debug */,
				66C1C76723DFAA950055C8CC /* Release */,
			);
			defaultConfigurationIsVisible = 0;
			defaultConfigurationName = Release;
		};
/* End XCConfigurationList section */

/* Begin XCVersionGroup section */
		66C1C73E23DFAA940055C8CC /* TableViewExample.xcdatamodeld */ = {
			isa = XCVersionGroup;
			children = (
				66C1C73F23DFAA940055C8CC /* TableViewExample.xcdatamodel */,
			);
			currentVersion = 66C1C73F23DFAA940055C8CC /* TableViewExample.xcdatamodel */;
			path = TableViewExample.xcdatamodeld;
			sourceTree = "<group>";
			versionGroupType = wrapper.xcdatamodel;
		};
/* End XCVersionGroup section */
	};
	rootObject = 66C1C72A23DFAA930055C8CC /* Project object */;
}
